
Microsoft Visual Studio Solution File, Format Version 12.00
# Visual Studio Version 16
VisualStudioVersion = 16.0.31005.135
MinimumVisualStudioVersion = 10.0.40219.1
Project("{FAE04EC0-301F-11D3-BF4B-00C04F79EFBC}") = "SqlWaehlen", "SqlWaehlen\SqlWaehlen.csproj", "{0A5C94A4-0DB0-408C-91B1-6C4A48267097}"
EndProject
Global
	GlobalSection(SolutionConfigurationPlatforms) = preSolution
		Debug|Any CPU = Debug|Any CPU
		Release|Any CPU = Release|Any CPU
	EndGlobalSection
	GlobalSection(ProjectConfigurationPlatforms) = postSolution
		{0A5C94A4-0DB0-408C-91B1-6C4A48267097}.Debug|Any CPU.ActiveCfg = Debug|Any CPU
		{0A5C94A4-0DB0-408C-91B1-6C4A48267097}.Debug|Any CPU.Build.0 = Debug|Any CPU
		{0A5C94A4-0DB0-408C-91B1-6C4A48267097}.Release|Any CPU.ActiveCfg = Release|Any CPU
		{0A5C94A4-0DB0-408C-91B1-6C4A48267097}.Release|Any CPU.Build.0 = Release|Any CPU
	EndGlobalSection
	GlobalSection(SolutionProperties) = preSolution
		HideSolutionNode = FALSE
	EndGlobalSection
	GlobalSection(ExtensibilityGlobals) = postSolution
		SolutionGuid = {1C4BCB57-2175-4047-8EDD-CD5C16912B69}
	EndGlobalSection
EndGlobal
